
Microsoft Visual Studio Solution File, Format Version 12.00
# Visual Studio Version 17
VisualStudioVersion = 17.10.35122.118
MinimumVisualStudioVersion = 10.0.40219.1
Project("{FAE04EC0-301F-11D3-BF4B-00C04F79EFBC}") = "Exam C# & OOP", "Exam C# & OOP\Exam C# & OOP.csproj", "{6A30A4C9-D4E7-4908-AD96-C06DB9A4AEAF}"
EndProject
Global
	GlobalSection(SolutionConfigurationPlatforms) = preSolution
		Debug|Any CPU = Debug|Any CPU
		Release|Any CPU = Release|Any CPU
	EndGlobalSection
	GlobalSection(ProjectConfigurationPlatforms) = postSolution
		{6A30A4C9-D4E7-4908-AD96-C06DB9A4AEAF}.Debug|Any CPU.ActiveCfg = Debug|Any CPU
		{6A30A4C9-D4E7-4908-AD96-C06DB9A4AEAF}.Debug|Any CPU.Build.0 = Debug|Any CPU
		{6A30A4C9-D4E7-4908-AD96-C06DB9A4AEAF}.Release|Any CPU.ActiveCfg = Release|Any CPU
		{6A30A4C9-D4E7-4908-AD96-C06DB9A4AEAF}.Release|Any CPU.Build.0 = Release|Any CPU
	EndGlobalSection
	GlobalSection(SolutionProperties) = preSolution
		HideSolutionNode = FALSE
	EndGlobalSection
	GlobalSection(ExtensibilityGlobals) = postSolution
		SolutionGuid = {79FDB2E3-1B54-4AAB-AF49-B6B90A03E55A}
	EndGlobalSection
EndGlobal
